// !$*UTF8*$!
{
	archiveVersion = 1;
	classes = {
	};
	objectVersion = 55;
	objects = {

/* Begin PBXBuildFile section */
		6995059129004169005A1989 /* AppDelegate.swift in Sources */ = {isa = PBXBuildFile; fileRef = 6995059029004169005A1989 /* AppDelegate.swift */; };
		6995059329004169005A1989 /* SceneDelegate.swift in Sources */ = {isa = PBXBuildFile; fileRef = 6995059229004169005A1989 /* SceneDelegate.swift */; };
		6995059529004169005A1989 /* ViewController.swift in Sources */ = {isa = PBXBuildFile; fileRef = 6995059429004169005A1989 /* ViewController.swift */; };
		6995059829004169005A1989 /* Main.storyboard in Resources */ = {isa = PBXBuildFile; fileRef = 6995059629004169005A1989 /* Main.storyboard */; };
		6995059A2900416A005A1989 /* Assets.xcassets in Resources */ = {isa = PBXBuildFile; fileRef = 699505992900416A005A1989 /* Assets.xcassets */; };
		6995059D2900416A005A1989 /* LaunchScreen.storyboard in Resources */ = {isa = PBXBuildFile; fileRef = 6995059B2900416A005A1989 /* LaunchScreen.storyboard */; };
		699505A82900416A005A1989 /* Display_A_NumberTests.swift in Sources */ = {isa = PBXBuildFile; fileRef = 699505A72900416A005A1989 /* Display_A_NumberTests.swift */; };
		699505B22900416A005A1989 /* Display_A_NumberUITests.swift in Sources */ = {isa = PBXBuildFile; fileRef = 699505B12900416A005A1989 /* Display_A_NumberUITests.swift */; };
		699505B42900416A005A1989 /* Display_A_NumberUITestsLaunchTests.swift in Sources */ = {isa = PBXBuildFile; fileRef = 699505B32900416A005A1989 /* Display_A_NumberUITestsLaunchTests.swift */; };
/* End PBXBuildFile section */

/* Begin PBXContainerItemProxy section */
		699505A42900416A005A1989 /* PBXContainerItemProxy */ = {
			isa = PBXContainerItemProxy;
			containerPortal = 6995058529004169005A1989 /* Project object */;
			proxyType = 1;
			remoteGlobalIDString = 6995058C29004169005A1989;
			remoteInfo = "Display A Number";
		};
		699505AE2900416A005A1989 /* PBXContainerItemProxy */ = {
			isa = PBXContainerItemProxy;
			containerPortal = 6995058529004169005A1989 /* Project object */;
			proxyType = 1;
			remoteGlobalIDString = 6995058C29004169005A1989;
			remoteInfo = "Display A Number";
		};
/* End PBXContainerItemProxy section */

/* Begin PBXFileReference section */
		6995058D29004169005A1989 /* Display A Number.app */ = {isa = PBXFileReference; explicitFileType = wrapper.application; includeInIndex = 0; path = "Display A Number.app"; sourceTree = BUILT_PRODUCTS_DIR; };
		6995059029004169005A1989 /* AppDelegate.swift */ = {isa = PBXFileReference; lastKnownFileType = sourcecode.swift; path = AppDelegate.swift; sourceTree = "<group>"; };
		6995059229004169005A1989 /* SceneDelegate.swift */ = {isa = PBXFileReference; lastKnownFileType = sourcecode.swift; path = SceneDelegate.swift; sourceTree = "<group>"; };
		6995059429004169005A1989 /* ViewController.swift */ = {isa = PBXFileReference; lastKnownFileType = sourcecode.swift; path = ViewController.swift; sourceTree = "<group>"; };
		6995059729004169005A1989 /* Base */ = {isa = PBXFileReference; lastKnownFileType = file.storyboard; name = Base; path = Base.lproj/Main.storyboard; sourceTree = "<group>"; };
		699505992900416A005A1989 /* Assets.xcassets */ = {isa = PBXFileReference; lastKnownFileType = folder.assetcatalog; path = Assets.xcassets; sourceTree = "<group>"; };
		6995059C2900416A005A1989 /* Base */ = {isa = PBXFileReference; lastKnownFileType = file.storyboard; name = Base; path = Base.lproj/LaunchScreen.storyboard; sourceTree = "<group>"; };
		6995059E2900416A005A1989 /* Info.plist */ = {isa = PBXFileReference; lastKnownFileType = text.plist.xml; path = Info.plist; sourceTree = "<group>"; };
		699505A32900416A005A1989 /* Display A NumberTests.xctest */ = {isa = PBXFileReference; explicitFileType = wrapper.cfbundle; includeInIndex = 0; path = "Display A NumberTests.xctest"; sourceTree = BUILT_PRODUCTS_DIR; };
		699505A72900416A005A1989 /* Display_A_NumberTests.swift */ = {isa = PBXFileReference; lastKnownFileType = sourcecode.swift; path = Display_A_NumberTests.swift; sourceTree = "<group>"; };
		699505AD2900416A005A1989 /* Display A NumberUITests.xctest */ = {isa = PBXFileReference; explicitFileType = wrapper.cfbundle; includeInIndex = 0; path = "Display A NumberUITests.xctest"; sourceTree = BUILT_PRODUCTS_DIR; };
		699505B12900416A005A1989 /* Display_A_NumberUITests.swift */ = {isa = PBXFileReference; lastKnownFileType = sourcecode.swift; path = Display_A_NumberUITests.swift; sourceTree = "<group>"; };
		699505B32900416A005A1989 /* Display_A_NumberUITestsLaunchTests.swift */ = {isa = PBXFileReference; lastKnownFileType = sourcecode.swift; path = Display_A_NumberUITestsLaunchTests.swift; sourceTree = "<group>"; };
/* End PBXFileReference section */

/* Begin PBXFrameworksBuildPhase section */
		6995058A29004169005A1989 /* Frameworks */ = {
			isa = PBXFrameworksBuildPhase;
			buildActionMask = 2147483647;
			files = (
			);
			runOnlyForDeploymentPostprocessing = 0;
		};
		699505A02900416A005A1989 /* Frameworks */ = {
			isa = PBXFrameworksBuildPhase;
			buildActionMask = 2147483647;
			files = (
			);
			runOnlyForDeploymentPostprocessing = 0;
		};
		699505AA2900416A005A1989 /* Frameworks */ = {
			isa = PBXFrameworksBuildPhase;
			buildActionMask = 2147483647;
			files = (
			);
			runOnlyForDeploymentPostprocessing = 0;
		};
/* End PBXFrameworksBuildPhase section */

/* Begin PBXGroup section */
		6995058429004169005A1989 = {
			isa = PBXGroup;
			children = (
				6995058F29004169005A1989 /* Display A Number */,
				699505A62900416A005A1989 /* Display A NumberTests */,
				699505B02900416A005A1989 /* Display A NumberUITests */,
				6995058E29004169005A1989 /* Products */,
			);
			sourceTree = "<group>";
		};
		6995058E29004169005A1989 /* Products */ = {
			isa = PBXGroup;
			children = (
				6995058D29004169005A1989 /* Display A Number.app */,
				699505A32900416A005A1989 /* Display A NumberTests.xctest */,
				699505AD2900416A005A1989 /* Display A NumberUITests.xctest */,
			);
			name = Products;
			sourceTree = "<group>";
		};
		6995058F29004169005A1989 /* Display A Number */ = {
			isa = PBXGroup;
			children = (
				6995059029004169005A1989 /* AppDelegate.swift */,
				6995059229004169005A1989 /* SceneDelegate.swift */,
				6995059429004169005A1989 /* ViewController.swift */,
				6995059629004169005A1989 /* Main.storyboard */,
				699505992900416A005A1989 /* Assets.xcassets */,
				6995059B2900416A005A1989 /* LaunchScreen.storyboard */,
				6995059E2900416A005A1989 /* Info.plist */,
			);
			path = "Display A Number";
			sourceTree = "<group>";
		};
		699505A62900416A005A1989 /* Display A NumberTests */ = {
			isa = PBXGroup;
			children = (
				699505A72900416A005A1989 /* Display_A_NumberTests.swift */,
			);
			path = "Display A NumberTests";
			sourceTree = "<group>";
		};
		699505B02900416A005A1989 /* Display A NumberUITests */ = {
			isa = PBXGroup;
			children = (
				699505B12900416A005A1989 /* Display_A_NumberUITests.swift */,
				699505B32900416A005A1989 /* Display_A_NumberUITestsLaunchTests.swift */,
			);
			path = "Display A NumberUITests";
			sourceTree = "<group>";
		};
/* End PBXGroup section */

/* Begin PBXNativeTarget section */
		6995058C29004169005A1989 /* Display A Number */ = {
			isa = PBXNativeTarget;
			buildConfigurationList = 699505B72900416A005A1989 /* Build configuration list for PBXNativeTarget "Display A Number" */;
			buildPhases = (
				6995058929004169005A1989 /* Sources */,
				6995058A29004169005A1989 /* Frameworks */,
				6995058B29004169005A1989 /* Resources */,
			);
			buildRules = (
			);
			dependencies = (
			);
			name = "Display A Number";
			productName = "Display A Number";
			productReference = 6995058D29004169005A1989 /* Display A Number.app */;
			productType = "com.apple.product-type.application";
		};
		699505A22900416A005A1989 /* Display A NumberTests */ = {
			isa = PBXNativeTarget;
			buildConfigurationList = 699505BA2900416A005A1989 /* Build configuration list for PBXNativeTarget "Display A NumberTests" */;
			buildPhases = (
				6995059F2900416A005A1989 /* Sources */,
				699505A02900416A005A1989 /* Frameworks */,
				699505A12900416A005A1989 /* Resources */,
			);
			buildRules = (
			);
			dependencies = (
				699505A52900416A005A1989 /* PBXTargetDependency */,
			);
			name = "Display A NumberTests";
			productName = "Display A NumberTests";
			productReference = 699505A32900416A005A1989 /* Display A NumberTests.xctest */;
			productType = "com.apple.product-type.bundle.unit-test";
		};
		699505AC2900416A005A1989 /* Display A NumberUITests */ = {
			isa = PBXNativeTarget;
			buildConfigurationList = 699505BD2900416A005A1989 /* Build configuration list for PBXNativeTarget "Display A NumberUITests" */;
			buildPhases = (
				699505A92900416A005A1989 /* Sources */,
				699505AA2900416A005A1989 /* Frameworks */,
				699505AB2900416A005A1989 /* Resources */,
			);
			buildRules = (
			);
			dependencies = (
				699505AF2900416A005A1989 /* PBXTargetDependency */,
			);
			name = "Display A NumberUITests";
			productName = "Display A NumberUITests";
			productReference = 699505AD2900416A005A1989 /* Display A NumberUITests.xctest */;
			productType = "com.apple.product-type.bundle.ui-testing";
		};
/* End PBXNativeTarget section */

/* Begin PBXProject section */
		6995058529004169005A1989 /* Project object */ = {
			isa = PBXProject;
			attributes = {
				BuildIndependentTargetsInParallel = 1;
				LastSwiftUpdateCheck = 1340;
				LastUpgradeCheck = 1340;
				TargetAttributes = {
					6995058C29004169005A1989 = {
						CreatedOnToolsVersion = 13.4.1;
					};
					699505A22900416A005A1989 = {
						CreatedOnToolsVersion = 13.4.1;
						TestTargetID = 6995058C29004169005A1989;
					};
					699505AC2900416A005A1989 = {
						CreatedOnToolsVersion = 13.4.1;
						TestTargetID = 6995058C29004169005A1989;
					};
				};
			};
			buildConfigurationList = 6995058829004169005A1989 /* Build configuration list for PBXProject "Display A Number" */;
			compatibilityVersion = "Xcode 13.0";
			developmentRegion = en;
			hasScannedForEncodings = 0;
			knownRegions = (
				en,
				Base,
			);
			mainGroup = 6995058429004169005A1989;
			productRefGroup = 6995058E29004169005A1989 /* Products */;
			projectDirPath = "";
			projectRoot = "";
			targets = (
				6995058C29004169005A1989 /* Display A Number */,
				699505A22900416A005A1989 /* Display A NumberTests */,
				699505AC2900416A005A1989 /* Display A NumberUITests */,
			);
		};
/* End PBXProject section */

/* Begin PBXResourcesBuildPhase section */
		6995058B29004169005A1989 /* Resources */ = {
			isa = PBXResourcesBuildPhase;
			buildActionMask = 2147483647;
			files = (
				6995059D2900416A005A1989 /* LaunchScreen.storyboard in Resources */,
				6995059A2900416A005A1989 /* Assets.xcassets in Resources */,
				6995059829004169005A1989 /* Main.storyboard in Resources */,
			);
			runOnlyForDeploymentPostprocessing = 0;
		};
		699505A12900416A005A1989 /* Resources */ = {
			isa = PBXResourcesBuildPhase;
			buildActionMask = 2147483647;
			files = (
			);
			runOnlyForDeploymentPostprocessing = 0;
		};
		699505AB2900416A005A1989 /* Resources */ = {
			isa = PBXResourcesBuildPhase;
			buildActionMask = 2147483647;
			files = (
			);
			runOnlyForDeploymentPostprocessing = 0;
		};
/* End PBXResourcesBuildPhase section */

/* Begin PBXSourcesBuildPhase section */
		6995058929004169005A1989 /* Sources */ = {
			isa = PBXSourcesBuildPhase;
			buildActionMask = 2147483647;
			files = (
				6995059529004169005A1989 /* ViewController.swift in Sources */,
				6995059129004169005A1989 /* AppDelegate.swift in Sources */,
				6995059329004169005A1989 /* SceneDelegate.swift in Sources */,
			);
			runOnlyForDeploymentPostprocessing = 0;
		};
		6995059F2900416A005A1989 /* Sources */ = {
			isa = PBXSourcesBuildPhase;
			buildActionMask = 2147483647;
			files = (
				699505A82900416A005A1989 /* Display_A_NumberTests.swift in Sources */,
			);
			runOnlyForDeploymentPostprocessing = 0;
		};
		699505A92900416A005A1989 /* Sources */ = {
			isa = PBXSourcesBuildPhase;
			buildActionMask = 2147483647;
			files = (
				699505B42900416A005A1989 /* Display_A_NumberUITestsLaunchTests.swift in Sources */,
				699505B22900416A005A1989 /* Display_A_NumberUITests.swift in Sources */,
			);
			runOnlyForDeploymentPostprocessing = 0;
		};
/* End PBXSourcesBuildPhase section */

/* Begin PBXTargetDependency section */
		699505A52900416A005A1989 /* PBXTargetDependency */ = {
			isa = PBXTargetDependency;
			target = 6995058C29004169005A1989 /* Display A Number */;
			targetProxy = 699505A42900416A005A1989 /* PBXContainerItemProxy */;
		};
		699505AF2900416A005A1989 /* PBXTargetDependency */ = {
			isa = PBXTargetDependency;
			target = 6995058C29004169005A1989 /* Display A Number */;
			targetProxy = 699505AE2900416A005A1989 /* PBXContainerItemProxy */;
		};
/* End PBXTargetDependency section */

/* Begin PBXVariantGroup section */
		6995059629004169005A1989 /* Main.storyboard */ = {
			isa = PBXVariantGroup;
			children = (
				6995059729004169005A1989 /* Base */,
			);
			name = Main.storyboard;
			sourceTree = "<group>";
		};
		6995059B2900416A005A1989 /* LaunchScreen.storyboard */ = {
			isa = PBXVariantGroup;
			children = (
				6995059C2900416A005A1989 /* Base */,
			);
			name = LaunchScreen.storyboard;
			sourceTree = "<group>";
		};
/* End PBXVariantGroup section */

/* Begin XCBuildConfiguration section */
		699505B52900416A005A1989 /* Debug */ = {
			isa = XCBuildConfiguration;
			buildSettings = {
				ALWAYS_SEARCH_USER_PATHS = NO;
				CLANG_ANALYZER_NONNULL = YES;
				CLANG_ANALYZER_NUMBER_OBJECT_CONVERSION = YES_AGGRESSIVE;
				CLANG_CXX_LANGUAGE_STANDARD = "gnu++17";
				CLANG_ENABLE_MODULES = YES;
				CLANG_ENABLE_OBJC_ARC = YES;
				CLANG_ENABLE_OBJC_WEAK = YES;
				CLANG_WARN_BLOCK_CAPTURE_AUTORELEASING = YES;
				CLANG_WARN_BOOL_CONVERSION = YES;
				CLANG_WARN_COMMA = YES;
				CLANG_WARN_CONSTANT_CONVERSION = YES;
				CLANG_WARN_DEPRECATED_OBJC_IMPLEMENTATIONS = YES;
				CLANG_WARN_DIRECT_OBJC_ISA_USAGE = YES_ERROR;
				CLANG_WARN_DOCUMENTATION_COMMENTS = YES;
				CLANG_WARN_EMPTY_BODY = YES;
				CLANG_WARN_ENUM_CONVERSION = YES;
				CLANG_WARN_INFINITE_RECURSION = YES;
				CLANG_WARN_INT_CONVERSION = YES;
				CLANG_WARN_NON_LITERAL_NULL_CONVERSION = YES;
				CLANG_WARN_OBJC_IMPLICIT_RETAIN_SELF = YES;
				CLANG_WARN_OBJC_LITERAL_CONVERSION = YES;
				CLANG_WARN_OBJC_ROOT_CLASS = YES_ERROR;
				CLANG_WARN_QUOTED_INCLUDE_IN_FRAMEWORK_HEADER = YES;
				CLANG_WARN_RANGE_LOOP_ANALYSIS = YES;
				CLANG_WARN_STRICT_PROTOTYPES = YES;
				CLANG_WARN_SUSPICIOUS_MOVE = YES;
				CLANG_WARN_UNGUARDED_AVAILABILITY = YES_AGGRESSIVE;
				CLANG_WARN_UNREACHABLE_CODE = YES;
				CLANG_WARN__DUPLICATE_METHOD_MATCH = YES;
				COPY_PHASE_STRIP = NO;
				DEBUG_INFORMATION_FORMAT = dwarf;
				ENABLE_STRICT_OBJC_MSGSEND = YES;
				ENABLE_TESTABILITY = YES;
				GCC_C_LANGUAGE_STANDARD = gnu11;
				GCC_DYNAMIC_NO_PIC = NO;
				GCC_NO_COMMON_BLOCKS = YES;
				GCC_OPTIMIZATION_LEVEL = 0;
				GCC_PREPROCESSOR_DEFINITIONS = (
					"DEBUG=1",
					"$(inherited)",
				);
				GCC_WARN_64_TO_32_BIT_CONVERSION = YES;
				GCC_WARN_ABOUT_RETURN_TYPE = YES_ERROR;
				GCC_WARN_UNDECLARED_SELECTOR = YES;
				GCC_WARN_UNINITIALIZED_AUTOS = YES_AGGRESSIVE;
				GCC_WARN_UNUSED_FUNCTION = YES;
				GCC_WARN_UNUSED_VARIABLE = YES;
				IPHONEOS_DEPLOYMENT_TARGET = 15.5;
				MTL_ENABLE_DEBUG_INFO = INCLUDE_SOURCE;
				MTL_FAST_MATH = YES;
				ONLY_ACTIVE_ARCH = YES;
				SDKROOT = iphoneos;
				SWIFT_ACTIVE_COMPILATION_CONDITIONS = DEBUG;
				SWIFT_OPTIMIZATION_LEVEL = "-Onone";
			};
			name = Debug;
		};
		699505B62900416A005A1989 /* Release */ = {
			isa = XCBuildConfiguration;
			buildSettings = {
				ALWAYS_SEARCH_USER_PATHS = NO;
				CLANG_ANALYZER_NONNULL = YES;
				CLANG_ANALYZER_NUMBER_OBJECT_CONVERSION = YES_AGGRESSIVE;
				CLANG_CXX_LANGUAGE_STANDARD = "gnu++17";
				CLANG_ENABLE_MODULES = YES;
				CLANG_ENABLE_OBJC_ARC = YES;
				CLANG_ENABLE_OBJC_WEAK = YES;
				CLANG_WARN_BLOCK_CAPTURE_AUTORELEASING = YES;
				CLANG_WARN_BOOL_CONVERSION = YES;
				CLANG_WARN_COMMA = YES;
				CLANG_WARN_CONSTANT_CONVERSION = YES;
				CLANG_WARN_DEPRECATED_OBJC_IMPLEMENTATIONS = YES;
				CLANG_WARN_DIRECT_OBJC_ISA_USAGE = YES_ERROR;
				CLANG_WARN_DOCUMENTATION_COMMENTS = YES;
				CLANG_WARN_EMPTY_BODY = YES;
				CLANG_WARN_ENUM_CONVERSION = YES;
				CLANG_WARN_INFINITE_RECURSION = YES;
				CLANG_WARN_INT_CONVERSION = YES;
				CLANG_WARN_NON_LITERAL_NULL_CONVERSION = YES;
				CLANG_WARN_OBJC_IMPLICIT_RETAIN_SELF = YES;
				CLANG_WARN_OBJC_LITERAL_CONVERSION = YES;
				CLANG_WARN_OBJC_ROOT_CLASS = YES_ERROR;
				CLANG_WARN_QUOTED_INCLUDE_IN_FRAMEWORK_HEADER = YES;
				CLANG_WARN_RANGE_LOOP_ANALYSIS = YES;
				CLANG_WARN_STRICT_PROTOTYPES = YES;
				CLANG_WARN_SUSPICIOUS_MOVE = YES;
				CLANG_WARN_UNGUARDED_AVAILABILITY = YES_AGGRESSIVE;
				CLANG_WARN_UNREACHABLE_CODE = YES;
				CLANG_WARN__DUPLICATE_METHOD_MATCH = YES;
				COPY_PHASE_STRIP = NO;
				DEBUG_INFORMATION_FORMAT = "dwarf-with-dsym";
				ENABLE_NS_ASSERTIONS = NO;
				ENABLE_STRICT_OBJC_MSGSEND = YES;
				GCC_C_LANGUAGE_STANDARD = gnu11;
				GCC_NO_COMMON_BLOCKS = YES;
				GCC_WARN_64_TO_32_BIT_CONVERSION = YES;
				GCC_WARN_ABOUT_RETURN_TYPE = YES_ERROR;
				GCC_WARN_UNDECLARED_SELECTOR = YES;
				GCC_WARN_UNINITIALIZED_AUTOS = YES_AGGRESSIVE;
				GCC_WARN_UNUSED_FUNCTION = YES;
				GCC_WARN_UNUSED_VARIABLE = YES;
				IPHONEOS_DEPLOYMENT_TARGET = 15.5;
				MTL_ENABLE_DEBUG_INFO = NO;
				MTL_FAST_MATH = YES;
				SDKROOT = iphoneos;
				SWIFT_COMPILATION_MODE = wholemodule;
				SWIFT_OPTIMIZATION_LEVEL = "-O";
				VALIDATE_PRODUCT = YES;
			};
			name = Release;
		};
		699505B82900416A005A1989 /* Debug */ = {
			isa = XCBuildConfiguration;
			buildSettings = {
				ASSETCATALOG_COMPILER_APPICON_NAME = AppIcon;
				ASSETCATALOG_COMPILER_GLOBAL_ACCENT_COLOR_NAME = AccentColor;
				CODE_SIGN_STYLE = Automatic;
				CURRENT_PROJECT_VERSION = 1;
				DEVELOPMENT_TEAM = 2SY6LSGYQU;
				GENERATE_INFOPLIST_FILE = YES;
				INFOPLIST_FILE = "Display A Number/Info.plist";
				INFOPLIST_KEY_UIApplicationSupportsIndirectInputEvents = YES;
				INFOPLIST_KEY_UILaunchStoryboardName = LaunchScreen;
				INFOPLIST_KEY_UIMainStoryboardFile = Main;
				INFOPLIST_KEY_UISupportedInterfaceOrientations_iPad = "UIInterfaceOrientationPortrait UIInterfaceOrientationPortraitUpsideDown UIInterfaceOrientationLandscapeLeft UIInterfaceOrientationLandscapeRight";
				INFOPLIST_KEY_UISupportedInterfaceOrientations_iPhone = "UIInterfaceOrientationPortrait UIInterfaceOrientationLandscapeLeft UIInterfaceOrientationLandscapeRight";
				LD_RUNPATH_SEARCH_PATHS = (
					"$(inherited)",
					"@executable_path/Frameworks",
				);
				MARKETING_VERSION = 1.0;
				PRODUCT_BUNDLE_IDENTIFIER = "org.d127.230391.Display-A-Number";
				PRODUCT_NAME = "$(TARGET_NAME)";
				SWIFT_EMIT_LOC_STRINGS = YES;
				SWIFT_VERSION = 5.0;
				TARGETED_DEVICE_FAMILY = "1,2";
			};
			name = Debug;
		};
		699505B92900416A005A1989 /* Release */ = {
			isa = XCBuildConfiguration;
			buildSettings = {
				ASSETCATALOG_COMPILER_APPICON_NAME = AppIcon;
				ASSETCATALOG_COMPILER_GLOBAL_ACCENT_COLOR_NAME = AccentColor;
				CODE_SIGN_STYLE = Automatic;
				CURRENT_PROJECT_VERSION = 1;
				DEVELOPMENT_TEAM = 2SY6LSGYQU;
				GENERATE_INFOPLIST_FILE = YES;
				INFOPLIST_FILE = "Display A Number/Info.plist";
				INFOPLIST_KEY_UIApplicationSupportsIndirectInputEvents = YES;
				INFOPLIST_KEY_UILaunchStoryboardName = LaunchScreen;
				INFOPLIST_KEY_UIMainStoryboardFile = Main;
				INFOPLIST_KEY_UISupportedInterfaceOrientations_iPad = "UIInterfaceOrientationPortrait UIInterfaceOrientationPortraitUpsideDown UIInterfaceOrientationLandscapeLeft UIInterfaceOrientationLandscapeRight";
				INFOPLIST_KEY_UISupportedInterfaceOrientations_iPhone = "UIInterfaceOrientationPortrait UIInterfaceOrientationLandscapeLeft UIInterfaceOrientationLandscapeRight";
				LD_RUNPATH_SEARCH_PATHS = (
					"$(inherited)",
					"@executable_path/Frameworks",
				);
				MARKETING_VERSION = 1.0;
				PRODUCT_BUNDLE_IDENTIFIER = "org.d127.230391.Display-A-Number";
				PRODUCT_NAME = "$(TARGET_NAME)";
				SWIFT_EMIT_LOC_STRINGS = YES;
				SWIFT_VERSION = 5.0;
				TARGETED_DEVICE_FAMILY = "1,2";
			};
			name = Release;
		};
		699505BB2900416A005A1989 /* Debug */ = {
			isa = XCBuildConfiguration;
			buildSettings = {
				ALWAYS_EMBED_SWIFT_STANDARD_LIBRARIES = YES;
				BUNDLE_LOADER = "$(TEST_HOST)";
				CODE_SIGN_STYLE = Automatic;
				CURRENT_PROJECT_VERSION = 1;
				DEVELOPMENT_TEAM = 2SY6LSGYQU;
				GENERATE_INFOPLIST_FILE = YES;
				IPHONEOS_DEPLOYMENT_TARGET = 15.5;
				MARKETING_VERSION = 1.0;
				PRODUCT_BUNDLE_IDENTIFIER = "org.d127.230391.Display-A-NumberTests";
				PRODUCT_NAME = "$(TARGET_NAME)";
				SWIFT_EMIT_LOC_STRINGS = NO;
				SWIFT_VERSION = 5.0;
				TARGETED_DEVICE_FAMILY = "1,2";
				TEST_HOST = "$(BUILT_PRODUCTS_DIR)/Display A Number.app/Display A Number";
			};
			name = Debug;
		};
		699505BC2900416A005A1989 /* Release */ = {
			isa = XCBuildConfiguration;
			buildSettings = {
				ALWAYS_EMBED_SWIFT_STANDARD_LIBRARIES = YES;
				BUNDLE_LOADER = "$(TEST_HOST)";
				CODE_SIGN_STYLE = Automatic;
				CURRENT_PROJECT_VERSION = 1;
				DEVELOPMENT_TEAM = 2SY6LSGYQU;
				GENERATE_INFOPLIST_FILE = YES;
				IPHONEOS_DEPLOYMENT_TARGET = 15.5;
				MARKETING_VERSION = 1.0;
				PRODUCT_BUNDLE_IDENTIFIER = "org.d127.230391.Display-A-NumberTests";
				PRODUCT_NAME = "$(TARGET_NAME)";
				SWIFT_EMIT_LOC_STRINGS = NO;
				SWIFT_VERSION = 5.0;
				TARGETED_DEVICE_FAMILY = "1,2";
				TEST_HOST = "$(BUILT_PRODUCTS_DIR)/Display A Number.app/Display A Number";
			};
			name = Release;
		};
		699505BE2900416A005A1989 /* Debug */ = {
			isa = XCBuildConfiguration;
			buildSettings = {
				ALWAYS_EMBED_SWIFT_STANDARD_LIBRARIES = YES;
				CODE_SIGN_STYLE = Automatic;
				CURRENT_PROJECT_VERSION = 1;
				DEVELOPMENT_TEAM = 2SY6LSGYQU;
				GENERATE_INFOPLIST_FILE = YES;
				MARKETING_VERSION = 1.0;
				PRODUCT_BUNDLE_IDENTIFIER = "org.d127.230391.Display-A-NumberUITests";
				PRODUCT_NAME = "$(TARGET_NAME)";
				SWIFT_EMIT_LOC_STRINGS = NO;
				SWIFT_VERSION = 5.0;
				TARGETED_DEVICE_FAMILY = "1,2";
				TEST_TARGET_NAME = "Display A Number";
			};
			name = Debug;
		};
		699505BF2900416A005A1989 /* Release */ = {
			isa = XCBuildConfiguration;
			buildSettings = {
				ALWAYS_EMBED_SWIFT_STANDARD_LIBRARIES = YES;
				CODE_SIGN_STYLE = Automatic;
				CURRENT_PROJECT_VERSION = 1;
				DEVELOPMENT_TEAM = 2SY6LSGYQU;
				GENERATE_INFOPLIST_FILE = YES;
				MARKETING_VERSION = 1.0;
				PRODUCT_BUNDLE_IDENTIFIER = "org.d127.230391.Display-A-NumberUITests";
				PRODUCT_NAME = "$(TARGET_NAME)";
				SWIFT_EMIT_LOC_STRINGS = NO;
				SWIFT_VERSION = 5.0;
				TARGETED_DEVICE_FAMILY = "1,2";
				TEST_TARGET_NAME = "Display A Number";
			};
			name = Release;
		};
/* End XCBuildConfiguration section */

/* Begin XCConfigurationList section */
		6995058829004169005A1989 /* Build configuration list for PBXProject "Display A Number" */ = {
			isa = XCConfigurationList;
			buildConfigurations = (
				699505B52900416A005A1989 /* Debug */,
				699505B62900416A005A1989 /* Release */,
			);
			defaultConfigurationIsVisible = 0;
			defaultConfigurationName = Release;
		};
		699505B72900416A005A1989 /* Build configuration list for PBXNativeTarget "Display A Number" */ = {
			isa = XCConfigurationList;
			buildConfigurations = (
				699505B82900416A005A1989 /* Debug */,
				699505B92900416A005A1989 /* Release */,
			);
			defaultConfigurationIsVisible = 0;
			defaultConfigurationName = Release;
		};
		699505BA2900416A005A1989 /* Build configuration list for PBXNativeTarget "Display A NumberTests" */ = {
			isa = XCConfigurationList;
			buildConfigurations = (
				699505BB2900416A005A1989 /* Debug */,
				699505BC2900416A005A1989 /* Release */,
			);
			defaultConfigurationIsVisible = 0;
			defaultConfigurationName = Release;
		};
		699505BD2900416A005A1989 /* Build configuration list for PBXNativeTarget "Display A NumberUITests" */ = {
			isa = XCConfigurationList;
			buildConfigurations = (
				699505BE2900416A005A1989 /* Debug */,
				699505BF2900416A005A1989 /* Release */,
			);
			defaultConfigurationIsVisible = 0;
			defaultConfigurationName = Release;
		};
/* End XCConfigurationList section */
	};
	rootObject = 6995058529004169005A1989 /* Project object */;
}
